
Microsoft Visual Studio Solution File, Format Version 12.00
# Visual Studio 15
VisualStudioVersion = 15.0.27703.2047
MinimumVisualStudioVersion = 10.0.40219.1
Project("{FAE04EC0-301F-11D3-BF4B-00C04F79EFBC}") = "SpaDemo.Module", "SpaDemo.Module\SpaDemo.Module.csproj", "{5F15837D-D1E5-44DC-92F0-4F2EBE9C3F8D}"
EndProject
Project("{9A19103F-16F7-4668-BE54-9A1E7A4F7556}") = "SpaDemo.Spa", "SpaDemo.Spa\SpaDemo.Spa.csproj", "{920ADD88-8181-492E-B860-89199E8C401D}"
EndProject
Project("{FAE04EC0-301F-11D3-BF4B-00C04F79EFBC}") = "SpaDemo.Module.Spa", "SpaDemo.Module.Spa\SpaDemo.Module.Spa.csproj", "{B4F94CDF-0C15-46A7-8249-4A6C4F7E7B08}"
EndProject
Global
	GlobalSection(SolutionConfigurationPlatforms) = preSolution
		Debug|Any CPU = Debug|Any CPU
		EasyTest|Any CPU = EasyTest|Any CPU
		Release|Any CPU = Release|Any CPU
	EndGlobalSection
	GlobalSection(ProjectConfigurationPlatforms) = postSolution
		{5F15837D-D1E5-44DC-92F0-4F2EBE9C3F8D}.Debug|Any CPU.ActiveCfg = Debug|Any CPU
		{5F15837D-D1E5-44DC-92F0-4F2EBE9C3F8D}.Debug|Any CPU.Build.0 = Debug|Any CPU
		{5F15837D-D1E5-44DC-92F0-4F2EBE9C3F8D}.EasyTest|Any CPU.ActiveCfg = EasyTest|Any CPU
		{5F15837D-D1E5-44DC-92F0-4F2EBE9C3F8D}.EasyTest|Any CPU.Build.0 = EasyTest|Any CPU
		{5F15837D-D1E5-44DC-92F0-4F2EBE9C3F8D}.Release|Any CPU.ActiveCfg = Release|Any CPU
		{5F15837D-D1E5-44DC-92F0-4F2EBE9C3F8D}.Release|Any CPU.Build.0 = Release|Any CPU
		{920ADD88-8181-492E-B860-89199E8C401D}.Debug|Any CPU.ActiveCfg = Debug|Any CPU
		{920ADD88-8181-492E-B860-89199E8C401D}.Debug|Any CPU.Build.0 = Debug|Any CPU
		{920ADD88-8181-492E-B860-89199E8C401D}.EasyTest|Any CPU.ActiveCfg = Release|Any CPU
		{920ADD88-8181-492E-B860-89199E8C401D}.EasyTest|Any CPU.Build.0 = Release|Any CPU
		{920ADD88-8181-492E-B860-89199E8C401D}.Release|Any CPU.ActiveCfg = Release|Any CPU
		{920ADD88-8181-492E-B860-89199E8C401D}.Release|Any CPU.Build.0 = Release|Any CPU
		{B4F94CDF-0C15-46A7-8249-4A6C4F7E7B08}.Debug|Any CPU.ActiveCfg = Debug|Any CPU
		{B4F94CDF-0C15-46A7-8249-4A6C4F7E7B08}.Debug|Any CPU.Build.0 = Debug|Any CPU
		{B4F94CDF-0C15-46A7-8249-4A6C4F7E7B08}.EasyTest|Any CPU.ActiveCfg = Release|Any CPU
		{B4F94CDF-0C15-46A7-8249-4A6C4F7E7B08}.EasyTest|Any CPU.Build.0 = Release|Any CPU
		{B4F94CDF-0C15-46A7-8249-4A6C4F7E7B08}.Release|Any CPU.ActiveCfg = Release|Any CPU
		{B4F94CDF-0C15-46A7-8249-4A6C4F7E7B08}.Release|Any CPU.Build.0 = Release|Any CPU
	EndGlobalSection
	GlobalSection(SolutionProperties) = preSolution
		HideSolutionNode = FALSE
	EndGlobalSection
	GlobalSection(ExtensibilityGlobals) = postSolution
		SolutionGuid = {2932C684-9782-49A1-8609-A0BAA73ABAB9}
	EndGlobalSection
EndGlobal
